github.com/DavidGamba/go-getoptions v0.25.3 h1:lSPcMkwWvVZU05C+Uz4DKnKN5wz4bcD1QvJ/QHCRexo=
github.com/DavidGamba/go-getoptions v0.25.3/go.mod h1:qLaLSYeQ8sUVOfKuu5JT5qKKS3OCwyhkYSJnoG+ggmo=
github.com/davecgh/go-spew v1.1.1 h1:vj9j/u1bqnvCEfJOwUhtlOARqs3+rkHYY13jYWTU97c=
github.com/davecgh/go-spew v1.1.1/go.mod h1:J7Y8YcW2NihsgmVo/mv3lAwl/skON4iLHjSsI+c5H38=
golang.org/x/sys v0.0.0-20220520151302-bc2c85ada10a h1:dGzPydgVsqGcTRVwiLJ1jVbufYwmzD3LfVPLKsKg+0k=
golang.org/x/sys v0.0.0-20220520151302-bc2c85ada10a/go.mod h1:oPkhp1MJrh7nUepCBck5+mAzfO9JrbApNNgaTdGDITg=
